
Microsoft Visual Studio Solution File, Format Version 12.00
# Visual Studio Version 16
VisualStudioVersion = 16.0.32228.343
MinimumVisualStudioVersion = 10.0.40219.1
Project("{FAE04EC0-301F-11D3-BF4B-00C04F79EFBC}") = "WindowsFormsApp1", "WindowsFormsApp1\WindowsFormsApp1.csproj", "{C84DB375-9EAA-454B-852C-EBFD29833417}"
EndProject
Project("{FAE04EC0-301F-11D3-BF4B-00C04F79EFBC}") = "helperMethods", "helperMethods\helperMethods.csproj", "{5E612F1E-99CF-495F-946E-CA79A5F666DF}"
EndProject
Global
	GlobalSection(SolutionConfigurationPlatforms) = preSolution
		Debug|Any CPU = Debug|Any CPU
		Release|Any CPU = Release|Any CPU
	EndGlobalSection
	GlobalSection(ProjectConfigurationPlatforms) = postSolution
		{C84DB375-9EAA-454B-852C-EBFD29833417}.Debug|Any CPU.ActiveCfg = Debug|Any CPU
		{C84DB375-9EAA-454B-852C-EBFD29833417}.Debug|Any CPU.Build.0 = Debug|Any CPU
		{C84DB375-9EAA-454B-852C-EBFD29833417}.Release|Any CPU.ActiveCfg = Release|Any CPU
		{C84DB375-9EAA-454B-852C-EBFD29833417}.Release|Any CPU.Build.0 = Release|Any CPU
		{5E612F1E-99CF-495F-946E-CA79A5F666DF}.Debug|Any CPU.ActiveCfg = Debug|Any CPU
		{5E612F1E-99CF-495F-946E-CA79A5F666DF}.Debug|Any CPU.Build.0 = Debug|Any CPU
		{5E612F1E-99CF-495F-946E-CA79A5F666DF}.Release|Any CPU.ActiveCfg = Release|Any CPU
		{5E612F1E-99CF-495F-946E-CA79A5F666DF}.Release|Any CPU.Build.0 = Release|Any CPU
	EndGlobalSection
	GlobalSection(SolutionProperties) = preSolution
		HideSolutionNode = FALSE
	EndGlobalSection
	GlobalSection(ExtensibilityGlobals) = postSolution
		SolutionGuid = {C8BF85D6-4D3A-4583-A795-1012B8E7D2C1}
	EndGlobalSection
EndGlobal
